<?xml version="1.0" encoding="utf-8"?>
<Project ToolsVersion="4.0" xmlns="http://schemas.microsoft.com/developer/msbuild/2003">
  <ItemGroup>
    <Filter Include="Source Files">
      <UniqueIdentifier>{4FC737F1-C7A5-4376-A066-2A32D752A2FF}</UniqueIdentifier>
      <Extensions>cpp;c;cc;cxx;c++;cppm;ixx;def;odl;idl;hpj;bat;asm;asmx</Extensions>
    </Filter>
    <Filter Include="Header Files">
      <UniqueIdentifier>{93995380-89BD-4b04-88EB-625FBE52EBFB}</UniqueIdentifier>
      <Extensions>h;hh;hpp;hxx;h++;hm;inl;inc;ipp;xsd</Extensions>
    </Filter>
    <Filter Include="Resource Files">
      <UniqueIdentifier>{67DA6AB6-F800-4c08-8B7A-83BB121AAD01}</UniqueIdentifier>
      <Extensions>rc;ico;cur;bmp;dlg;rc2;rct;bin;rgs;gif;jpg;jpeg;jpe;resx;tiff;tif;png;wav;mfcribbon-ms</Extensions>
    </Filter>
    <Filter Include="ExceptionHandeling">
      <UniqueIdentifier>{3bd38671-5f46-4cd5-957c-563802877ee3}</UniqueIdentifier>
    </Filter>
    <Filter Include="ExceptionHandeling\Dxerr">
      <UniqueIdentifier>{73d7177f-446b-4d71-abc7-8c28b979c2ae}</UniqueIdentifier>
    </Filter>
    <Filter Include="DX12">
      <UniqueIdentifier>{8c348432-6072-4851-b93a-b4e1c32168d3}</UniqueIdentifier>
    </Filter>
    <Filter Include="Raytracing">
      <UniqueIdentifier>{2d81f1d2-86a1-4a15-a44d-9db624f393c1}</UniqueIdentifier>
    </Filter>
    <Filter Include="Raytracing\Primitives">
      <UniqueIdentifier>{2bdf831a-c621-4749-b740-0ca82c0f642c}</UniqueIdentifier>
    </Filter>
  </ItemGroup>
  <ItemGroup>
    <ClCompile Include="WinMain.cpp">
      <Filter>Source Files</Filter>
    </ClCompile>
    <ClCompile Include="Window.cpp">
      <Filter>Source Files</Filter>
    </ClCompile>
    <ClCompile Include="WindowsMessageMap.cpp">
      <Filter>Source Files</Filter>
    </ClCompile>
    <ClCompile Include="Keyboard.cpp">
      <Filter>Source Files</Filter>
    </ClCompile>
    <ClCompile Include="Mouse.cpp">
      <Filter>Source Files</Filter>
    </ClCompile>
    <ClCompile Include="Graphics.cpp">
      <Filter>Source Files</Filter>
    </ClCompile>
    <ClCompile Include="dxerr.cpp">
      <Filter>ExceptionHandeling\Dxerr</Filter>
    </ClCompile>
    <ClCompile Include="ChiliException.cpp">
      <Filter>ExceptionHandeling</Filter>
    </ClCompile>
    <ClCompile Include="GraphicsError.cpp">
      <Filter>Source Files</Filter>
    </ClCompile>
    <ClCompile Include="ProgramExecution.cpp">
      <Filter>Source Files</Filter>
    </ClCompile>
    <ClCompile Include="Channel.cpp">
      <Filter>ExceptionHandeling</Filter>
    </ClCompile>
    <ClCompile Include="EntryBuilder.cpp">
      <Filter>ExceptionHandeling</Filter>
    </ClCompile>
    <ClCompile Include="Level.cpp">
      <Filter>ExceptionHandeling</Filter>
    </ClCompile>
    <ClCompile Include="DxgiInfoManager.cpp">
      <Filter>ExceptionHandeling\Dxerr</Filter>
    </ClCompile>
    <ClCompile Include="BottomLevelASGenerator.cpp">
      <Filter>DX12</Filter>
    </ClCompile>
    <ClCompile Include="RaytracingPipelineGenerator.cpp">
      <Filter>DX12</Filter>
    </ClCompile>
    <ClCompile Include="RootSignatureGenerator.cpp">
      <Filter>DX12</Filter>
    </ClCompile>
    <ClCompile Include="ShaderBindingTableGenerator.cpp">
      <Filter>DX12</Filter>
    </ClCompile>
    <ClCompile Include="TopLevelASGenerator.cpp">
      <Filter>DX12</Filter>
    </ClCompile>
    <ClCompile Include="Renderer.cpp">
      <Filter>Source Files</Filter>
    </ClCompile>
  </ItemGroup>
  <ItemGroup>
    <ClInclude Include="HighIncWindows.h">
      <Filter>Header Files</Filter>
    </ClInclude>
    <ClInclude Include="Window.h">
      <Filter>Header Files</Filter>
    </ClInclude>
    <ClInclude Include="WindowsMessageMap.h">
      <Filter>Header Files</Filter>
    </ClInclude>
    <ClInclude Include="resource.h">
      <Filter>Header Files</Filter>
    </ClInclude>
    <ClInclude Include="Keyboard.h">
      <Filter>Header Files</Filter>
    </ClInclude>
    <ClInclude Include="Mouse.h">
      <Filter>Header Files</Filter>
    </ClInclude>
    <ClInclude Include="Graphics.h">
      <Filter>Header Files</Filter>
    </ClInclude>
    <ClInclude Include="dxerr.h">
      <Filter>ExceptionHandeling\Dxerr</Filter>
    </ClInclude>
    <ClInclude Include="DXSample.h">
      <Filter>ExceptionHandeling\Dxerr</Filter>
    </ClInclude>
    <ClInclude Include="GraphicsThrowMacros.h">
      <Filter>ExceptionHandeling</Filter>
    </ClInclude>
    <ClInclude Include="WindowsThrowMacros.h">
      <Filter>ExceptionHandeling</Filter>
    </ClInclude>
    <ClInclude Include="ChiliException.h">
      <Filter>ExceptionHandeling</Filter>
    </ClInclude>
    <ClInclude Include="GraphicsError.h">
      <Filter>Header Files</Filter>
    </ClInclude>
    <ClInclude Include="d3dx12_barriers.h">
      <Filter>DX12</Filter>
    </ClInclude>
    <ClInclude Include="d3dx12_check_feature_support.h">
      <Filter>DX12</Filter>
    </ClInclude>
    <ClInclude Include="d3dx12_core.h">
      <Filter>DX12</Filter>
    </ClInclude>
    <ClInclude Include="d3dx12_default.h">
      <Filter>DX12</Filter>
    </ClInclude>
    <ClInclude Include="d3dx12_pipeline_state_stream.h">
      <Filter>DX12</Filter>
    </ClInclude>
    <ClInclude Include="d3dx12_property_format_table.h">
      <Filter>DX12</Filter>
    </ClInclude>
    <ClInclude Include="d3dx12_render_pass.h">
      <Filter>DX12</Filter>
    </ClInclude>
    <ClInclude Include="d3dx12_resource_helpers.h">
      <Filter>DX12</Filter>
    </ClInclude>
    <ClInclude Include="d3dx12_root_signature.h">
      <Filter>DX12</Filter>
    </ClInclude>
    <ClInclude Include="d3dx12_state_object.h">
      <Filter>DX12</Filter>
    </ClInclude>
    <ClInclude Include="d3d12.h">
      <Filter>DX12</Filter>
    </ClInclude>
    <ClInclude Include="d3d12compatibility.h">
      <Filter>DX12</Filter>
    </ClInclude>
    <ClInclude Include="d3d12sdklayers.h">
      <Filter>DX12</Filter>
    </ClInclude>
    <ClInclude Include="d3d12shader.h">
      <Filter>DX12</Filter>
    </ClInclude>
    <ClInclude Include="D3D12TokenizedProgramFormat.hpp">
      <Filter>DX12</Filter>
    </ClInclude>
    <ClInclude Include="d3d12video.h">
      <Filter>DX12</Filter>
    </ClInclude>
    <ClInclude Include="d3dcommon.h">
      <Filter>DX12</Filter>
    </ClInclude>
    <ClInclude Include="d3dx12.h">
      <Filter>DX12</Filter>
    </ClInclude>
    <ClInclude Include="ProgramExecution.h">
      <Filter>Header Files</Filter>
    </ClInclude>
    <ClInclude Include="Channel.h">
      <Filter>ExceptionHandeling</Filter>
    </ClInclude>
    <ClInclude Include="Driver.h">
      <Filter>ExceptionHandeling</Filter>
    </ClInclude>
    <ClInclude Include="Entry.h">
      <Filter>ExceptionHandeling</Filter>
    </ClInclude>
    <ClInclude Include="EntryBuilder.h">
      <Filter>ExceptionHandeling</Filter>
    </ClInclude>
    <ClInclude Include="Level.h">
      <Filter>ExceptionHandeling</Filter>
    </ClInclude>
    <ClInclude Include="Policy.h">
      <Filter>ExceptionHandeling</Filter>
    </ClInclude>
    <ClInclude Include="DxgiInfoManager.h">
      <Filter>ExceptionHandeling\Dxerr</Filter>
    </ClInclude>
    <ClInclude Include="DXRHelper.h">
      <Filter>DX12</Filter>
    </ClInclude>
    <ClInclude Include="BottomLevelASGenerator.h">
      <Filter>DX12</Filter>
    </ClInclude>
    <ClInclude Include="RaytracingPipelineGenerator.h">
      <Filter>DX12</Filter>
    </ClInclude>
    <ClInclude Include="RootSignatureGenerator.h">
      <Filter>DX12</Filter>
    </ClInclude>
    <ClInclude Include="ShaderBindingTableGenerator.h">
      <Filter>DX12</Filter>
    </ClInclude>
    <ClInclude Include="TopLevelASGenerator.h">
      <Filter>DX12</Filter>
    </ClInclude>
    <ClInclude Include="Renderer.h">
      <Filter>Header Files</Filter>
    </ClInclude>
    <ClInclude Include="PerformanceTimers.h">
      <Filter>Header Files</Filter>
    </ClInclude>
    <ClInclude Include="HlslCompat.h">
      <Filter>Raytracing</Filter>
    </ClInclude>
    <ClInclude Include="RayTracingHlslCompat.h">
      <Filter>Raytracing</Filter>
    </ClInclude>
    <ClInclude Include="CompiledShaders\Raytracing.hlsl.h">
      <Filter>Raytracing</Filter>
    </ClInclude>
    <ClInclude Include="RaytracingSceneDefines.h">
      <Filter>Raytracing</Filter>
    </ClInclude>
  </ItemGroup>
  <ItemGroup>
    <ResourceCompile Include="Lys.rc">
      <Filter>Resource Files</Filter>
    </ResourceCompile>
  </ItemGroup>
  <ItemGroup>
    <Image Include="LysIcon.ico">
      <Filter>Resource Files</Filter>
    </Image>
  </ItemGroup>
  <ItemGroup>
    <None Include="DXGetErrorDescription.inl">
      <Filter>ExceptionHandeling\Dxerr</Filter>
    </None>
    <None Include="DXGetErrorString.inl">
      <Filter>ExceptionHandeling\Dxerr</Filter>
    </None>
    <None Include="DXTrace.inl">
      <Filter>ExceptionHandeling\Dxerr</Filter>
    </None>
    <None Include="RaytracingShaderHelper.hlsli">
      <Filter>Raytracing</Filter>
    </None>
    <None Include="AnalyticPrimitives.hlsli">
      <Filter>Raytracing\Primitives</Filter>
    </None>
    <None Include="ProceduralPrimitivesLibrary.hlsli">
      <Filter>Raytracing\Primitives</Filter>
    </None>
    <None Include="SignedDistanceFractals.hlsli">
      <Filter>Raytracing\Primitives</Filter>
    </None>
    <None Include="SignedDistancePrimitives.hlsli">
      <Filter>Raytracing\Primitives</Filter>
    </None>
    <None Include="VolumetricPrimitives.hlsli">
      <Filter>Raytracing\Primitives</Filter>
    </None>
  </ItemGroup>
  <ItemGroup>
    <Midl Include="d3d12.idl">
      <Filter>DX12</Filter>
    </Midl>
    <Midl Include="d3d12compatibility.idl">
      <Filter>DX12</Filter>
    </Midl>
    <Midl Include="d3d12sdklayers.idl">
      <Filter>DX12</Filter>
    </Midl>
    <Midl Include="d3d12video.idl">
      <Filter>DX12</Filter>
    </Midl>
    <Midl Include="d3dcommon.idl">
      <Filter>DX12</Filter>
    </Midl>
  </ItemGroup>
  <ItemGroup>
    <FxCompile Include="Raytracing.hlsl">
      <Filter>Raytracing</Filter>
    </FxCompile>
  </ItemGroup>
</Project>